dependencies:
  SmartLeds:
    component_hash: 423ab43995fc50fe8e3b6fb3b26a5697816a18d44538880081f413459631b33b
    dependencies: []
    source:
      git: https://github.com/RoboticsBrno/SmartLeds.git
      path: .
      type: git
    version: ede05a64142a75e71d7dcd4a321e045ea53e0c5a
  idf:
    source:
      type: idf
    version: 5.4.0
direct_dependencies:
- SmartLeds
- idf
manifest_hash: 18626134f8e2ae0c26b58a44deb7a0e3a7472b573fcd296557244690d6f70406
target: esp32c3
version: 2.0.0
